
Microsoft Visual Studio Solution File, Format Version 12.00
Project("{FAE04EC0-301F-11D3-BF4B-00C04F79EFBC}") = "CSharpMVC", "CSharpMVC\CSharpMVC.csproj", "{733F5380-5B09-4EE6-90E2-893606AFBB03}"
EndProject
Global
	GlobalSection(SolutionConfigurationPlatforms) = preSolution
		Debug|Any CPU = Debug|Any CPU
		Release|Any CPU = Release|Any CPU
	EndGlobalSection
	GlobalSection(ProjectConfigurationPlatforms) = postSolution
		{733F5380-5B09-4EE6-90E2-893606AFBB03}.Debug|Any CPU.ActiveCfg = Debug|Any CPU
		{733F5380-5B09-4EE6-90E2-893606AFBB03}.Debug|Any CPU.Build.0 = Debug|Any CPU
		{733F5380-5B09-4EE6-90E2-893606AFBB03}.Release|Any CPU.ActiveCfg = Release|Any CPU
		{733F5380-5B09-4EE6-90E2-893606AFBB03}.Release|Any CPU.Build.0 = Release|Any CPU
	EndGlobalSection
EndGlobal
